
Microsoft Visual Studio Solution File, Format Version 12.00
# Visual Studio Version 17
VisualStudioVersion = 17.2.32519.379
MinimumVisualStudioVersion = 10.0.40219.1
Project("{54A90642-561A-4BB1-A94E-469ADEE60C69}") = "PortalWebLayer", "PortalWebLayer\PortalWebLayer.esproj", "{1531BC83-DDF7-4C55-BDCE-6EDC39CE8FA4}"
EndProject
Project("{9A19103F-16F7-4668-BE54-9A1E7A4F7556}") = "PortalAPILayer", "PortalAPILayer\PortalAPILayer.csproj", "{294A5CAC-64E9-42EB-8825-EE719C5F3B70}"
EndProject
Project("{2150E333-8FDC-42A3-9474-1A3956D46DE8}") = "0 Utils", "0 Utils", "{7F85C1AB-BD45-482F-8FB5-CF627B65CADD}"
EndProject
Project("{2150E333-8FDC-42A3-9474-1A3956D46DE8}") = "1 Entities", "1 Entities", "{5B7A93F2-893B-46B6-A058-85B331E2C794}"
EndProject
Project("{9A19103F-16F7-4668-BE54-9A1E7A4F7556}") = "UseCases", "Application\UseCases.csproj", "{CC0D581A-0F4B-4ED6-B70E-F8823712368E}"
EndProject
Project("{9A19103F-16F7-4668-BE54-9A1E7A4F7556}") = "DataAccess.Oracle", "DataAccess\DataAccess.Oracle.csproj", "{E33B3D43-051F-4B8E-8E32-3192CE62ECFC}"
EndProject
Project("{9A19103F-16F7-4668-BE54-9A1E7A4F7556}") = "Entities", "Domain\Entities.csproj", "{833A010A-668C-4FF7-A63B-67CEC38F6939}"
EndProject
Project("{9A19103F-16F7-4668-BE54-9A1E7A4F7556}") = "DomainServices.Implementation", "DomainServices.Implementation\DomainServices.Implementation.csproj", "{D0182DE3-ADF1-4298-911F-91266CA81340}"
EndProject
Project("{9A19103F-16F7-4668-BE54-9A1E7A4F7556}") = "DomainServices.Interfaces", "DomainServices.Interfaces\DomainServices.Interfaces.csproj", "{12809045-08CD-4D9A-B20D-4BFDE517D7F3}"
EndProject
Project("{9A19103F-16F7-4668-BE54-9A1E7A4F7556}") = "Utils", "Utils\Utils.csproj", "{255F4D6C-BC54-47E2-85C2-FD91D5D717D7}"
EndProject
Project("{9A19103F-16F7-4668-BE54-9A1E7A4F7556}") = "DataAccess.Interfaces", "DataAccess.Interfaces\DataAccess.Interfaces.csproj", "{6C795A2B-A813-442A-9254-911FBE10B9DD}"
EndProject
Project("{9A19103F-16F7-4668-BE54-9A1E7A4F7556}") = "Infrastructure.Implementation", "Infrastructure.Implementation\Infrastructure.Implementation.csproj", "{D1E597AC-3EBD-4EF6-B98B-713A6685F19B}"
EndProject
Project("{2150E333-8FDC-42A3-9474-1A3956D46DE8}") = "2 Infrastructures.Interfaces", "2 Infrastructures.Interfaces", "{3E854126-AD9B-4253-A9D5-4565CB9DB235}"
EndProject
Project("{2150E333-8FDC-42A3-9474-1A3956D46DE8}") = "3 Infrastructures.Implementation", "3 Infrastructures.Implementation", "{D5918599-77E8-4C14-8A87-2FACB53CA89D}"
EndProject
Project("{FAE04EC0-301F-11D3-BF4B-00C04F79EFBC}") = "ApplicationServices.Interfaces", "ApplicationServices.Interfaces\ApplicationServices.Interfaces.csproj", "{8A7A3AD3-BD32-4DC2-8001-C61A3EEAF738}"
EndProject
Project("{FAE04EC0-301F-11D3-BF4B-00C04F79EFBC}") = "ApplicationServices.Implementation", "ApplicationServices.Implementation\ApplicationServices.Implementation.csproj", "{2A86EB45-A1C5-4712-AAA4-0F82A506E2C0}"
EndProject
Project("{2150E333-8FDC-42A3-9474-1A3956D46DE8}") = "4 Application", "4 Application", "{097235A3-59D0-404D-9D6F-EA32DD88C1FD}"
EndProject
Global
	GlobalSection(SolutionConfigurationPlatforms) = preSolution
		Debug|Any CPU = Debug|Any CPU
		Debug|x64 = Debug|x64
		Release|Any CPU = Release|Any CPU
		Release|x64 = Release|x64
	EndGlobalSection
	GlobalSection(ProjectConfigurationPlatforms) = postSolution
		{1531BC83-DDF7-4C55-BDCE-6EDC39CE8FA4}.Debug|Any CPU.ActiveCfg = Debug|Any CPU
		{1531BC83-DDF7-4C55-BDCE-6EDC39CE8FA4}.Debug|Any CPU.Build.0 = Debug|Any CPU
		{1531BC83-DDF7-4C55-BDCE-6EDC39CE8FA4}.Debug|Any CPU.Deploy.0 = Debug|Any CPU
		{1531BC83-DDF7-4C55-BDCE-6EDC39CE8FA4}.Debug|x64.ActiveCfg = Debug|Any CPU
		{1531BC83-DDF7-4C55-BDCE-6EDC39CE8FA4}.Debug|x64.Build.0 = Debug|Any CPU
		{1531BC83-DDF7-4C55-BDCE-6EDC39CE8FA4}.Debug|x64.Deploy.0 = Debug|Any CPU
		{1531BC83-DDF7-4C55-BDCE-6EDC39CE8FA4}.Release|Any CPU.ActiveCfg = Release|Any CPU
		{1531BC83-DDF7-4C55-BDCE-6EDC39CE8FA4}.Release|Any CPU.Build.0 = Release|Any CPU
		{1531BC83-DDF7-4C55-BDCE-6EDC39CE8FA4}.Release|Any CPU.Deploy.0 = Release|Any CPU
		{1531BC83-DDF7-4C55-BDCE-6EDC39CE8FA4}.Release|x64.ActiveCfg = Release|Any CPU
		{1531BC83-DDF7-4C55-BDCE-6EDC39CE8FA4}.Release|x64.Build.0 = Release|Any CPU
		{1531BC83-DDF7-4C55-BDCE-6EDC39CE8FA4}.Release|x64.Deploy.0 = Release|Any CPU
		{294A5CAC-64E9-42EB-8825-EE719C5F3B70}.Debug|Any CPU.ActiveCfg = Debug|Any CPU
		{294A5CAC-64E9-42EB-8825-EE719C5F3B70}.Debug|Any CPU.Build.0 = Debug|Any CPU
		{294A5CAC-64E9-42EB-8825-EE719C5F3B70}.Debug|x64.ActiveCfg = Debug|x64
		{294A5CAC-64E9-42EB-8825-EE719C5F3B70}.Debug|x64.Build.0 = Debug|x64
		{294A5CAC-64E9-42EB-8825-EE719C5F3B70}.Release|Any CPU.ActiveCfg = Release|Any CPU
		{294A5CAC-64E9-42EB-8825-EE719C5F3B70}.Release|Any CPU.Build.0 = Release|Any CPU
		{294A5CAC-64E9-42EB-8825-EE719C5F3B70}.Release|x64.ActiveCfg = Release|Any CPU
		{294A5CAC-64E9-42EB-8825-EE719C5F3B70}.Release|x64.Build.0 = Release|Any CPU
		{CC0D581A-0F4B-4ED6-B70E-F8823712368E}.Debug|Any CPU.ActiveCfg = Debug|Any CPU
		{CC0D581A-0F4B-4ED6-B70E-F8823712368E}.Debug|Any CPU.Build.0 = Debug|Any CPU
		{CC0D581A-0F4B-4ED6-B70E-F8823712368E}.Debug|x64.ActiveCfg = Debug|Any CPU
		{CC0D581A-0F4B-4ED6-B70E-F8823712368E}.Debug|x64.Build.0 = Debug|Any CPU
		{CC0D581A-0F4B-4ED6-B70E-F8823712368E}.Release|Any CPU.ActiveCfg = Release|Any CPU
		{CC0D581A-0F4B-4ED6-B70E-F8823712368E}.Release|Any CPU.Build.0 = Release|Any CPU
		{CC0D581A-0F4B-4ED6-B70E-F8823712368E}.Release|x64.ActiveCfg = Release|Any CPU
		{CC0D581A-0F4B-4ED6-B70E-F8823712368E}.Release|x64.Build.0 = Release|Any CPU
		{E33B3D43-051F-4B8E-8E32-3192CE62ECFC}.Debug|Any CPU.ActiveCfg = Debug|Any CPU
		{E33B3D43-051F-4B8E-8E32-3192CE62ECFC}.Debug|Any CPU.Build.0 = Debug|Any CPU
		{E33B3D43-051F-4B8E-8E32-3192CE62ECFC}.Debug|x64.ActiveCfg = Debug|x64
		{E33B3D43-051F-4B8E-8E32-3192CE62ECFC}.Debug|x64.Build.0 = Debug|x64
		{E33B3D43-051F-4B8E-8E32-3192CE62ECFC}.Release|Any CPU.ActiveCfg = Release|Any CPU
		{E33B3D43-051F-4B8E-8E32-3192CE62ECFC}.Release|Any CPU.Build.0 = Release|Any CPU
		{E33B3D43-051F-4B8E-8E32-3192CE62ECFC}.Release|x64.ActiveCfg = Release|x64
		{E33B3D43-051F-4B8E-8E32-3192CE62ECFC}.Release|x64.Build.0 = Release|x64
		{833A010A-668C-4FF7-A63B-67CEC38F6939}.Debug|Any CPU.ActiveCfg = Debug|Any CPU
		{833A010A-668C-4FF7-A63B-67CEC38F6939}.Debug|Any CPU.Build.0 = Debug|Any CPU
		{833A010A-668C-4FF7-A63B-67CEC38F6939}.Debug|x64.ActiveCfg = Debug|Any CPU
		{833A010A-668C-4FF7-A63B-67CEC38F6939}.Debug|x64.Build.0 = Debug|Any CPU
		{833A010A-668C-4FF7-A63B-67CEC38F6939}.Release|Any CPU.ActiveCfg = Release|Any CPU
		{833A010A-668C-4FF7-A63B-67CEC38F6939}.Release|Any CPU.Build.0 = Release|Any CPU
		{833A010A-668C-4FF7-A63B-67CEC38F6939}.Release|x64.ActiveCfg = Release|Any CPU
		{833A010A-668C-4FF7-A63B-67CEC38F6939}.Release|x64.Build.0 = Release|Any CPU
		{D0182DE3-ADF1-4298-911F-91266CA81340}.Debug|Any CPU.ActiveCfg = Debug|Any CPU
		{D0182DE3-ADF1-4298-911F-91266CA81340}.Debug|Any CPU.Build.0 = Debug|Any CPU
		{D0182DE3-ADF1-4298-911F-91266CA81340}.Debug|x64.ActiveCfg = Debug|Any CPU
		{D0182DE3-ADF1-4298-911F-91266CA81340}.Debug|x64.Build.0 = Debug|Any CPU
		{D0182DE3-ADF1-4298-911F-91266CA81340}.Release|Any CPU.ActiveCfg = Release|Any CPU
		{D0182DE3-ADF1-4298-911F-91266CA81340}.Release|Any CPU.Build.0 = Release|Any CPU
		{D0182DE3-ADF1-4298-911F-91266CA81340}.Release|x64.ActiveCfg = Release|Any CPU
		{D0182DE3-ADF1-4298-911F-91266CA81340}.Release|x64.Build.0 = Release|Any CPU
		{12809045-08CD-4D9A-B20D-4BFDE517D7F3}.Debug|Any CPU.ActiveCfg = Debug|Any CPU
		{12809045-08CD-4D9A-B20D-4BFDE517D7F3}.Debug|Any CPU.Build.0 = Debug|Any CPU
		{12809045-08CD-4D9A-B20D-4BFDE517D7F3}.Debug|x64.ActiveCfg = Debug|Any CPU
		{12809045-08CD-4D9A-B20D-4BFDE517D7F3}.Debug|x64.Build.0 = Debug|Any CPU
		{12809045-08CD-4D9A-B20D-4BFDE517D7F3}.Release|Any CPU.ActiveCfg = Release|Any CPU
		{12809045-08CD-4D9A-B20D-4BFDE517D7F3}.Release|Any CPU.Build.0 = Release|Any CPU
		{12809045-08CD-4D9A-B20D-4BFDE517D7F3}.Release|x64.ActiveCfg = Release|Any CPU
		{12809045-08CD-4D9A-B20D-4BFDE517D7F3}.Release|x64.Build.0 = Release|Any CPU
		{255F4D6C-BC54-47E2-85C2-FD91D5D717D7}.Debug|Any CPU.ActiveCfg = Debug|Any CPU
		{255F4D6C-BC54-47E2-85C2-FD91D5D717D7}.Debug|Any CPU.Build.0 = Debug|Any CPU
		{255F4D6C-BC54-47E2-85C2-FD91D5D717D7}.Debug|x64.ActiveCfg = Debug|Any CPU
		{255F4D6C-BC54-47E2-85C2-FD91D5D717D7}.Debug|x64.Build.0 = Debug|Any CPU
		{255F4D6C-BC54-47E2-85C2-FD91D5D717D7}.Release|Any CPU.ActiveCfg = Release|Any CPU
		{255F4D6C-BC54-47E2-85C2-FD91D5D717D7}.Release|Any CPU.Build.0 = Release|Any CPU
		{255F4D6C-BC54-47E2-85C2-FD91D5D717D7}.Release|x64.ActiveCfg = Release|Any CPU
		{255F4D6C-BC54-47E2-85C2-FD91D5D717D7}.Release|x64.Build.0 = Release|Any CPU
		{6C795A2B-A813-442A-9254-911FBE10B9DD}.Debug|Any CPU.ActiveCfg = Debug|Any CPU
		{6C795A2B-A813-442A-9254-911FBE10B9DD}.Debug|Any CPU.Build.0 = Debug|Any CPU
		{6C795A2B-A813-442A-9254-911FBE10B9DD}.Debug|x64.ActiveCfg = Debug|Any CPU
		{6C795A2B-A813-442A-9254-911FBE10B9DD}.Debug|x64.Build.0 = Debug|Any CPU
		{6C795A2B-A813-442A-9254-911FBE10B9DD}.Release|Any CPU.ActiveCfg = Release|Any CPU
		{6C795A2B-A813-442A-9254-911FBE10B9DD}.Release|Any CPU.Build.0 = Release|Any CPU
		{6C795A2B-A813-442A-9254-911FBE10B9DD}.Release|x64.ActiveCfg = Release|Any CPU
		{6C795A2B-A813-442A-9254-911FBE10B9DD}.Release|x64.Build.0 = Release|Any CPU
		{D1E597AC-3EBD-4EF6-B98B-713A6685F19B}.Debug|Any CPU.ActiveCfg = Debug|Any CPU
		{D1E597AC-3EBD-4EF6-B98B-713A6685F19B}.Debug|Any CPU.Build.0 = Debug|Any CPU
		{D1E597AC-3EBD-4EF6-B98B-713A6685F19B}.Debug|x64.ActiveCfg = Debug|Any CPU
		{D1E597AC-3EBD-4EF6-B98B-713A6685F19B}.Debug|x64.Build.0 = Debug|Any CPU
		{D1E597AC-3EBD-4EF6-B98B-713A6685F19B}.Release|Any CPU.ActiveCfg = Release|Any CPU
		{D1E597AC-3EBD-4EF6-B98B-713A6685F19B}.Release|Any CPU.Build.0 = Release|Any CPU
		{D1E597AC-3EBD-4EF6-B98B-713A6685F19B}.Release|x64.ActiveCfg = Release|Any CPU
		{D1E597AC-3EBD-4EF6-B98B-713A6685F19B}.Release|x64.Build.0 = Release|Any CPU
		{8A7A3AD3-BD32-4DC2-8001-C61A3EEAF738}.Debug|Any CPU.ActiveCfg = Debug|Any CPU
		{8A7A3AD3-BD32-4DC2-8001-C61A3EEAF738}.Debug|Any CPU.Build.0 = Debug|Any CPU
		{8A7A3AD3-BD32-4DC2-8001-C61A3EEAF738}.Debug|x64.ActiveCfg = Debug|Any CPU
		{8A7A3AD3-BD32-4DC2-8001-C61A3EEAF738}.Debug|x64.Build.0 = Debug|Any CPU
		{8A7A3AD3-BD32-4DC2-8001-C61A3EEAF738}.Release|Any CPU.ActiveCfg = Release|Any CPU
		{8A7A3AD3-BD32-4DC2-8001-C61A3EEAF738}.Release|Any CPU.Build.0 = Release|Any CPU
		{8A7A3AD3-BD32-4DC2-8001-C61A3EEAF738}.Release|x64.ActiveCfg = Release|Any CPU
		{8A7A3AD3-BD32-4DC2-8001-C61A3EEAF738}.Release|x64.Build.0 = Release|Any CPU
		{2A86EB45-A1C5-4712-AAA4-0F82A506E2C0}.Debug|Any CPU.ActiveCfg = Debug|Any CPU
		{2A86EB45-A1C5-4712-AAA4-0F82A506E2C0}.Debug|Any CPU.Build.0 = Debug|Any CPU
		{2A86EB45-A1C5-4712-AAA4-0F82A506E2C0}.Debug|x64.ActiveCfg = Debug|Any CPU
		{2A86EB45-A1C5-4712-AAA4-0F82A506E2C0}.Debug|x64.Build.0 = Debug|Any CPU
		{2A86EB45-A1C5-4712-AAA4-0F82A506E2C0}.Release|Any CPU.ActiveCfg = Release|Any CPU
		{2A86EB45-A1C5-4712-AAA4-0F82A506E2C0}.Release|Any CPU.Build.0 = Release|Any CPU
		{2A86EB45-A1C5-4712-AAA4-0F82A506E2C0}.Release|x64.ActiveCfg = Release|Any CPU
		{2A86EB45-A1C5-4712-AAA4-0F82A506E2C0}.Release|x64.Build.0 = Release|Any CPU
	EndGlobalSection
	GlobalSection(SolutionProperties) = preSolution
		HideSolutionNode = FALSE
	EndGlobalSection
	GlobalSection(NestedProjects) = preSolution
		{CC0D581A-0F4B-4ED6-B70E-F8823712368E} = {097235A3-59D0-404D-9D6F-EA32DD88C1FD}
		{E33B3D43-051F-4B8E-8E32-3192CE62ECFC} = {D5918599-77E8-4C14-8A87-2FACB53CA89D}
		{833A010A-668C-4FF7-A63B-67CEC38F6939} = {5B7A93F2-893B-46B6-A058-85B331E2C794}
		{D0182DE3-ADF1-4298-911F-91266CA81340} = {5B7A93F2-893B-46B6-A058-85B331E2C794}
		{12809045-08CD-4D9A-B20D-4BFDE517D7F3} = {5B7A93F2-893B-46B6-A058-85B331E2C794}
		{255F4D6C-BC54-47E2-85C2-FD91D5D717D7} = {7F85C1AB-BD45-482F-8FB5-CF627B65CADD}
		{6C795A2B-A813-442A-9254-911FBE10B9DD} = {3E854126-AD9B-4253-A9D5-4565CB9DB235}
		{D1E597AC-3EBD-4EF6-B98B-713A6685F19B} = {D5918599-77E8-4C14-8A87-2FACB53CA89D}
		{8A7A3AD3-BD32-4DC2-8001-C61A3EEAF738} = {097235A3-59D0-404D-9D6F-EA32DD88C1FD}
		{2A86EB45-A1C5-4712-AAA4-0F82A506E2C0} = {097235A3-59D0-404D-9D6F-EA32DD88C1FD}
	EndGlobalSection
	GlobalSection(ExtensibilityGlobals) = postSolution
		SolutionGuid = {2C1CAB67-096F-4765-8798-0DE40F93DA8A}
	EndGlobalSection
EndGlobal
